dependencies:
  espressif/esp-dsp:
    component_hash: 619639efc18cfa361a9e423739b9b0ffc14991effc6c027f955c2f2c3bf1754b
    dependencies:
    - name: idf
      require: private
      version: '>=4.2'
    source:
      registry_url: https://components.espressif.com/
      type: service
    version: 1.6.0
  idf:
    source:
      type: idf
    version: 5.5.0
direct_dependencies:
- espressif/esp-dsp
- idf
manifest_hash: 6f5a00a869cca180ba97f3acdec0807454103839b463b05a8078d46f7a852828
target: esp32s3
version: 2.0.0
